
Microsoft Visual Studio Solution File, Format Version 12.00
# Visual Studio Version 17
VisualStudioVersion = 17.0.32126.317
MinimumVisualStudioVersion = 10.0.40219.1
Project("{9A19103F-16F7-4668-BE54-9A1E7A4F7556}") = "TrackerAPI", "WeightLiftingTrackerAPI\TrackerAPI.csproj", "{4E1F7BD7-813B-4826-AEE7-7A96DF6202BF}"
EndProject
Project("{9A19103F-16F7-4668-BE54-9A1E7A4F7556}") = "TrackerAPI.Test", "TrackerAPI.Test\TrackerAPI.Test.csproj", "{95D19A52-2F3C-4790-B2B7-4A413BF6EBEC}"
EndProject
Global
	GlobalSection(SolutionConfigurationPlatforms) = preSolution
		Debug|Any CPU = Debug|Any CPU
		Release|Any CPU = Release|Any CPU
	EndGlobalSection
	GlobalSection(ProjectConfigurationPlatforms) = postSolution
		{4E1F7BD7-813B-4826-AEE7-7A96DF6202BF}.Debug|Any CPU.ActiveCfg = Debug|Any CPU
		{4E1F7BD7-813B-4826-AEE7-7A96DF6202BF}.Debug|Any CPU.Build.0 = Debug|Any CPU
		{4E1F7BD7-813B-4826-AEE7-7A96DF6202BF}.Release|Any CPU.ActiveCfg = Release|Any CPU
		{4E1F7BD7-813B-4826-AEE7-7A96DF6202BF}.Release|Any CPU.Build.0 = Release|Any CPU
		{95D19A52-2F3C-4790-B2B7-4A413BF6EBEC}.Debug|Any CPU.ActiveCfg = Debug|Any CPU
		{95D19A52-2F3C-4790-B2B7-4A413BF6EBEC}.Debug|Any CPU.Build.0 = Debug|Any CPU
		{95D19A52-2F3C-4790-B2B7-4A413BF6EBEC}.Release|Any CPU.ActiveCfg = Release|Any CPU
		{95D19A52-2F3C-4790-B2B7-4A413BF6EBEC}.Release|Any CPU.Build.0 = Release|Any CPU
	EndGlobalSection
	GlobalSection(SolutionProperties) = preSolution
		HideSolutionNode = FALSE
	EndGlobalSection
	GlobalSection(ExtensibilityGlobals) = postSolution
		SolutionGuid = {FE6C30ED-6B6F-4603-A319-FBA66DB338E6}
	EndGlobalSection
EndGlobal
