
Microsoft Visual Studio Solution File, Format Version 12.00
# Visual Studio Version 17
VisualStudioVersion = 17.0.32126.317
MinimumVisualStudioVersion = 10.0.40219.1
Project("{9A19103F-16F7-4668-BE54-9A1E7A4F7556}") = "TrackerAPI", "TrackerAPI.csproj", "{07E9FA45-CEEE-4D3B-B163-BF8D1239A5E2}"
EndProject
Project("{FAE04EC0-301F-11D3-BF4B-00C04F79EFBC}") = "TrackerAPI.Test", "..\TrackerAPI.Test\TrackerAPI.Test.csproj", "{89DBEAF1-D357-4015-A5C7-59BA2F9B85A8}"
EndProject
Global
	GlobalSection(SolutionConfigurationPlatforms) = preSolution
		Debug|Any CPU = Debug|Any CPU
		Release|Any CPU = Release|Any CPU
	EndGlobalSection
	GlobalSection(ProjectConfigurationPlatforms) = postSolution
		{07E9FA45-CEEE-4D3B-B163-BF8D1239A5E2}.Debug|Any CPU.ActiveCfg = Debug|Any CPU
		{07E9FA45-CEEE-4D3B-B163-BF8D1239A5E2}.Debug|Any CPU.Build.0 = Debug|Any CPU
		{07E9FA45-CEEE-4D3B-B163-BF8D1239A5E2}.Release|Any CPU.ActiveCfg = Release|Any CPU
		{07E9FA45-CEEE-4D3B-B163-BF8D1239A5E2}.Release|Any CPU.Build.0 = Release|Any CPU
		{89DBEAF1-D357-4015-A5C7-59BA2F9B85A8}.Debug|Any CPU.ActiveCfg = Debug|Any CPU
		{89DBEAF1-D357-4015-A5C7-59BA2F9B85A8}.Debug|Any CPU.Build.0 = Debug|Any CPU
		{89DBEAF1-D357-4015-A5C7-59BA2F9B85A8}.Release|Any CPU.ActiveCfg = Release|Any CPU
		{89DBEAF1-D357-4015-A5C7-59BA2F9B85A8}.Release|Any CPU.Build.0 = Release|Any CPU
	EndGlobalSection
	GlobalSection(SolutionProperties) = preSolution
		HideSolutionNode = FALSE
	EndGlobalSection
	GlobalSection(ExtensibilityGlobals) = postSolution
		SolutionGuid = {59420879-D14D-4A9C-AAEC-D714F8A8CF51}
	EndGlobalSection
EndGlobal
